// !$*UTF8*$!
{
	archiveVersion = 1;
	classes = {
	};
	objectVersion = 50;
	objects = {

/* Begin PBXBuildFile section */
		2D62EF6B26F4CCF60078695E /* AppDelegate.swift in Sources */ = {isa = PBXBuildFile; fileRef = 2D62EF6A26F4CCF60078695E /* AppDelegate.swift */; };
		2D62EF6D26F4CCF60078695E /* SceneDelegate.swift in Sources */ = {isa = PBXBuildFile; fileRef = 2D62EF6C26F4CCF60078695E /* SceneDelegate.swift */; };
		2D62EF6F26F4CCF60078695E /* ViewController.swift in Sources */ = {isa = PBXBuildFile; fileRef = 2D62EF6E26F4CCF60078695E /* ViewController.swift */; };
		2D62EF7226F4CCF60078695E /* Main.storyboard in Resources */ = {isa = PBXBuildFile; fileRef = 2D62EF7026F4CCF60078695E /* Main.storyboard */; };
		2D62EF7426F4CCF80078695E /* Assets.xcassets in Resources */ = {isa = PBXBuildFile; fileRef = 2D62EF7326F4CCF80078695E /* Assets.xcassets */; };
		2D62EF7726F4CCF80078695E /* LaunchScreen.storyboard in Resources */ = {isa = PBXBuildFile; fileRef = 2D62EF7526F4CCF80078695E /* LaunchScreen.storyboard */; };
/* End PBXBuildFile section */

/* Begin PBXFileReference section */
		2D62EF6726F4CCF60078695E /* Photo Editor (13).app */ = {isa = PBXFileReference; explicitFileType = wrapper.application; includeInIndex = 0; path = "Photo Editor (13).app"; sourceTree = BUILT_PRODUCTS_DIR; };
		2D62EF6A26F4CCF60078695E /* AppDelegate.swift */ = {isa = PBXFileReference; lastKnownFileType = sourcecode.swift; path = AppDelegate.swift; sourceTree = "<group>"; };
		2D62EF6C26F4CCF60078695E /* SceneDelegate.swift */ = {isa = PBXFileReference; lastKnownFileType = sourcecode.swift; path = SceneDelegate.swift; sourceTree = "<group>"; };
		2D62EF6E26F4CCF60078695E /* ViewController.swift */ = {isa = PBXFileReference; lastKnownFileType = sourcecode.swift; path = ViewController.swift; sourceTree = "<group>"; };
		2D62EF7126F4CCF60078695E /* Base */ = {isa = PBXFileReference; lastKnownFileType = file.storyboard; name = Base; path = Base.lproj/Main.storyboard; sourceTree = "<group>"; };
		2D62EF7326F4CCF80078695E /* Assets.xcassets */ = {isa = PBXFileReference; lastKnownFileType = folder.assetcatalog; path = Assets.xcassets; sourceTree = "<group>"; };
		2D62EF7626F4CCF80078695E /* Base */ = {isa = PBXFileReference; lastKnownFileType = file.storyboard; name = Base; path = Base.lproj/LaunchScreen.storyboard; sourceTree = "<group>"; };
		2D62EF7826F4CCF80078695E /* Info.plist */ = {isa = PBXFileReference; lastKnownFileType = text.plist.xml; path = Info.plist; sourceTree = "<group>"; };
/* End PBXFileReference section */

/* Begin PBXFrameworksBuildPhase section */
		2D62EF6426F4CCF60078695E /* Frameworks */ = {
			isa = PBXFrameworksBuildPhase;
			buildActionMask = 2147483647;
			files = (
			);
			runOnlyForDeploymentPostprocessing = 0;
		};
/* End PBXFrameworksBuildPhase section */

/* Begin PBXGroup section */
		2D62EF5E26F4CCF60078695E = {
			isa = PBXGroup;
			children = (
				2D62EF6926F4CCF60078695E /* Photo Editor (13) */,
				2D62EF6826F4CCF60078695E /* Products */,
			);
			sourceTree = "<group>";
		};
		2D62EF6826F4CCF60078695E /* Products */ = {
			isa = PBXGroup;
			children = (
				2D62EF6726F4CCF60078695E /* Photo Editor (13).app */,
			);
			name = Products;
			sourceTree = "<group>";
		};
		2D62EF6926F4CCF60078695E /* Photo Editor (13) */ = {
			isa = PBXGroup;
			children = (
				2D62EF6A26F4CCF60078695E /* AppDelegate.swift */,
				2D62EF6C26F4CCF60078695E /* SceneDelegate.swift */,
				2D62EF6E26F4CCF60078695E /* ViewController.swift */,
				2D62EF7026F4CCF60078695E /* Main.storyboard */,
				2D62EF7326F4CCF80078695E /* Assets.xcassets */,
				2D62EF7526F4CCF80078695E /* LaunchScreen.storyboard */,
				2D62EF7826F4CCF80078695E /* Info.plist */,
			);
			path = "Photo Editor (13)";
			sourceTree = "<group>";
		};
/* End PBXGroup section */

/* Begin PBXNativeTarget section */
		2D62EF6626F4CCF60078695E /* Photo Editor (13) */ = {
			isa = PBXNativeTarget;
			buildConfigurationList = 2D62EF7B26F4CCF80078695E /* Build configuration list for PBXNativeTarget "Photo Editor (13)" */;
			buildPhases = (
				2D62EF6326F4CCF60078695E /* Sources */,
				2D62EF6426F4CCF60078695E /* Frameworks */,
				2D62EF6526F4CCF60078695E /* Resources */,
			);
			buildRules = (
			);
			dependencies = (
			);
			name = "Photo Editor (13)";
			productName = "Photo Editor (13)";
			productReference = 2D62EF6726F4CCF60078695E /* Photo Editor (13).app */;
			productType = "com.apple.product-type.application";
		};
/* End PBXNativeTarget section */

/* Begin PBXProject section */
		2D62EF5F26F4CCF60078695E /* Project object */ = {
			isa = PBXProject;
			attributes = {
				LastSwiftUpdateCheck = 1250;
				LastUpgradeCheck = 1250;
				TargetAttributes = {
					2D62EF6626F4CCF60078695E = {
						CreatedOnToolsVersion = 12.5.1;
					};
				};
			};
			buildConfigurationList = 2D62EF6226F4CCF60078695E /* Build configuration list for PBXProject "Photo Editor (13)" */;
			compatibilityVersion = "Xcode 9.3";
			developmentRegion = en;
			hasScannedForEncodings = 0;
			knownRegions = (
				en,
				Base,
			);
			mainGroup = 2D62EF5E26F4CCF60078695E;
			productRefGroup = 2D62EF6826F4CCF60078695E /* Products */;
			projectDirPath = "";
			projectRoot = "";
			targets = (
				2D62EF6626F4CCF60078695E /* Photo Editor (13) */,
			);
		};
/* End PBXProject section */

/* Begin PBXResourcesBuildPhase section */
		2D62EF6526F4CCF60078695E /* Resources */ = {
			isa = PBXResourcesBuildPhase;
			buildActionMask = 2147483647;
			files = (
				2D62EF7726F4CCF80078695E /* LaunchScreen.storyboard in Resources */,
				2D62EF7426F4CCF80078695E /* Assets.xcassets in Resources */,
				2D62EF7226F4CCF60078695E /* Main.storyboard in Resources */,
			);
			runOnlyForDeploymentPostprocessing = 0;
		};
/* End PBXResourcesBuildPhase section */

/* Begin PBXSourcesBuildPhase section */
		2D62EF6326F4CCF60078695E /* Sources */ = {
			isa = PBXSourcesBuildPhase;
			buildActionMask = 2147483647;
			files = (
				2D62EF6F26F4CCF60078695E /* ViewController.swift in Sources */,
				2D62EF6B26F4CCF60078695E /* AppDelegate.swift in Sources */,
				2D62EF6D26F4CCF60078695E /* SceneDelegate.swift in Sources */,
			);
			runOnlyForDeploymentPostprocessing = 0;
		};
/* End PBXSourcesBuildPhase section */

/* Begin PBXVariantGroup section */
		2D62EF7026F4CCF60078695E /* Main.storyboard */ = {
			isa = PBXVariantGroup;
			children = (
				2D62EF7126F4CCF60078695E /* Base */,
			);
			name = Main.storyboard;
			sourceTree = "<group>";
		};
		2D62EF7526F4CCF80078695E /* LaunchScreen.storyboard */ = {
			isa = PBXVariantGroup;
			children = (
				2D62EF7626F4CCF80078695E /* Base */,
			);
			name = LaunchScreen.storyboard;
			sourceTree = "<group>";
		};
/* End PBXVariantGroup section */

/* Begin XCBuildConfiguration section */
		2D62EF7926F4CCF80078695E /* Debug */ = {
			isa = XCBuildConfiguration;
			buildSettings = {
				ALWAYS_SEARCH_USER_PATHS = NO;
				CLANG_ANALYZER_NONNULL = YES;
				CLANG_ANALYZER_NUMBER_OBJECT_CONVERSION = YES_AGGRESSIVE;
				CLANG_CXX_LANGUAGE_STANDARD = "gnu++14";
				CLANG_CXX_LIBRARY = "libc++";
				CLANG_ENABLE_MODULES = YES;
				CLANG_ENABLE_OBJC_ARC = YES;
				CLANG_ENABLE_OBJC_WEAK = YES;
				CLANG_WARN_BLOCK_CAPTURE_AUTORELEASING = YES;
				CLANG_WARN_BOOL_CONVERSION = YES;
				CLANG_WARN_COMMA = YES;
				CLANG_WARN_CONSTANT_CONVERSION = YES;
				CLANG_WARN_DEPRECATED_OBJC_IMPLEMENTATIONS = YES;
				CLANG_WARN_DIRECT_OBJC_ISA_USAGE = YES_ERROR;
				CLANG_WARN_DOCUMENTATION_COMMENTS = YES;
				CLANG_WARN_EMPTY_BODY = YES;
				CLANG_WARN_ENUM_CONVERSION = YES;
				CLANG_WARN_INFINITE_RECURSION = YES;
				CLANG_WARN_INT_CONVERSION = YES;
				CLANG_WARN_NON_LITERAL_NULL_CONVERSION = YES;
				CLANG_WARN_OBJC_IMPLICIT_RETAIN_SELF = YES;
				CLANG_WARN_OBJC_LITERAL_CONVERSION = YES;
				CLANG_WARN_OBJC_ROOT_CLASS = YES_ERROR;
				CLANG_WARN_QUOTED_INCLUDE_IN_FRAMEWORK_HEADER = YES;
				CLANG_WARN_RANGE_LOOP_ANALYSIS = YES;
				CLANG_WARN_STRICT_PROTOTYPES = YES;
				CLANG_WARN_SUSPICIOUS_MOVE = YES;
				CLANG_WARN_UNGUARDED_AVAILABILITY = YES_AGGRESSIVE;
				CLANG_WARN_UNREACHABLE_CODE = YES;
				CLANG_WARN__DUPLICATE_METHOD_MATCH = YES;
				COPY_PHASE_STRIP = NO;
				DEBUG_INFORMATION_FORMAT = dwarf;
				ENABLE_STRICT_OBJC_MSGSEND = YES;
				ENABLE_TESTABILITY = YES;
				GCC_C_LANGUAGE_STANDARD = gnu11;
				GCC_DYNAMIC_NO_PIC = NO;
				GCC_NO_COMMON_BLOCKS = YES;
				GCC_OPTIMIZATION_LEVEL = 0;
				GCC_PREPROCESSOR_DEFINITIONS = (
					"DEBUG=1",
					"$(inherited)",
				);
				GCC_WARN_64_TO_32_BIT_CONVERSION = YES;
				GCC_WARN_ABOUT_RETURN_TYPE = YES_ERROR;
				GCC_WARN_UNDECLARED_SELECTOR = YES;
				GCC_WARN_UNINITIALIZED_AUTOS = YES_AGGRESSIVE;
				GCC_WARN_UNUSED_FUNCTION = YES;
				GCC_WARN_UNUSED_VARIABLE = YES;
				IPHONEOS_DEPLOYMENT_TARGET = 14.5;
				MTL_ENABLE_DEBUG_INFO = INCLUDE_SOURCE;
				MTL_FAST_MATH = YES;
				ONLY_ACTIVE_ARCH = YES;
				SDKROOT = iphoneos;
				SWIFT_ACTIVE_COMPILATION_CONDITIONS = DEBUG;
				SWIFT_OPTIMIZATION_LEVEL = "-Onone";
			};
			name = Debug;
		};
		2D62EF7A26F4CCF80078695E /* Release */ = {
			isa = XCBuildConfiguration;
			buildSettings = {
				ALWAYS_SEARCH_USER_PATHS = NO;
				CLANG_ANALYZER_NONNULL = YES;
				CLANG_ANALYZER_NUMBER_OBJECT_CONVERSION = YES_AGGRESSIVE;
				CLANG_CXX_LANGUAGE_STANDARD = "gnu++14";
				CLANG_CXX_LIBRARY = "libc++";
				CLANG_ENABLE_MODULES = YES;
				CLANG_ENABLE_OBJC_ARC = YES;
				CLANG_ENABLE_OBJC_WEAK = YES;
				CLANG_WARN_BLOCK_CAPTURE_AUTORELEASING = YES;
				CLANG_WARN_BOOL_CONVERSION = YES;
				CLANG_WARN_COMMA = YES;
				CLANG_WARN_CONSTANT_CONVERSION = YES;
				CLANG_WARN_DEPRECATED_OBJC_IMPLEMENTATIONS = YES;
				CLANG_WARN_DIRECT_OBJC_ISA_USAGE = YES_ERROR;
				CLANG_WARN_DOCUMENTATION_COMMENTS = YES;
				CLANG_WARN_EMPTY_BODY = YES;
				CLANG_WARN_ENUM_CONVERSION = YES;
				CLANG_WARN_INFINITE_RECURSION = YES;
				CLANG_WARN_INT_CONVERSION = YES;
				CLANG_WARN_NON_LITERAL_NULL_CONVERSION = YES;
				CLANG_WARN_OBJC_IMPLICIT_RETAIN_SELF = YES;
				CLANG_WARN_OBJC_LITERAL_CONVERSION = YES;
				CLANG_WARN_OBJC_ROOT_CLASS = YES_ERROR;
				CLANG_WARN_QUOTED_INCLUDE_IN_FRAMEWORK_HEADER = YES;
				CLANG_WARN_RANGE_LOOP_ANALYSIS = YES;
				CLANG_WARN_STRICT_PROTOTYPES = YES;
				CLANG_WARN_SUSPICIOUS_MOVE = YES;
				CLANG_WARN_UNGUARDED_AVAILABILITY = YES_AGGRESSIVE;
				CLANG_WARN_UNREACHABLE_CODE = YES;
				CLANG_WARN__DUPLICATE_METHOD_MATCH = YES;
				COPY_PHASE_STRIP = NO;
				DEBUG_INFORMATION_FORMAT = "dwarf-with-dsym";
				ENABLE_NS_ASSERTIONS = NO;
				ENABLE_STRICT_OBJC_MSGSEND = YES;
				GCC_C_LANGUAGE_STANDARD = gnu11;
				GCC_NO_COMMON_BLOCKS = YES;
				GCC_WARN_64_TO_32_BIT_CONVERSION = YES;
				GCC_WARN_ABOUT_RETURN_TYPE = YES_ERROR;
				GCC_WARN_UNDECLARED_SELECTOR = YES;
				GCC_WARN_UNINITIALIZED_AUTOS = YES_AGGRESSIVE;
				GCC_WARN_UNUSED_FUNCTION = YES;
				GCC_WARN_UNUSED_VARIABLE = YES;
				IPHONEOS_DEPLOYMENT_TARGET = 14.5;
				MTL_ENABLE_DEBUG_INFO = NO;
				MTL_FAST_MATH = YES;
				SDKROOT = iphoneos;
				SWIFT_COMPILATION_MODE = wholemodule;
				SWIFT_OPTIMIZATION_LEVEL = "-O";
				VALIDATE_PRODUCT = YES;
			};
			name = Release;
		};
		2D62EF7C26F4CCF80078695E /* Debug */ = {
			isa = XCBuildConfiguration;
			buildSettings = {
				ASSETCATALOG_COMPILER_APPICON_NAME = AppIcon;
				ASSETCATALOG_COMPILER_GLOBAL_ACCENT_COLOR_NAME = AccentColor;
				CODE_SIGN_STYLE = Automatic;
				DEVELOPMENT_TEAM = H2F2P76V3R;
				INFOPLIST_FILE = "Photo Editor (13)/Info.plist";
				LD_RUNPATH_SEARCH_PATHS = (
					"$(inherited)",
					"@executable_path/Frameworks",
				);
				PRODUCT_BUNDLE_IDENTIFIER = "Rey-Jairus-Marasigan.Photo-Editor--13-";
				PRODUCT_NAME = "$(TARGET_NAME)";
				SWIFT_VERSION = 5.0;
				TARGETED_DEVICE_FAMILY = "1,2";
			};
			name = Debug;
		};
		2D62EF7D26F4CCF80078695E /* Release */ = {
			isa = XCBuildConfiguration;
			buildSettings = {
				ASSETCATALOG_COMPILER_APPICON_NAME = AppIcon;
				ASSETCATALOG_COMPILER_GLOBAL_ACCENT_COLOR_NAME = AccentColor;
				CODE_SIGN_STYLE = Automatic;
				DEVELOPMENT_TEAM = H2F2P76V3R;
				INFOPLIST_FILE = "Photo Editor (13)/Info.plist";
				LD_RUNPATH_SEARCH_PATHS = (
					"$(inherited)",
					"@executable_path/Frameworks",
				);
				PRODUCT_BUNDLE_IDENTIFIER = "Rey-Jairus-Marasigan.Photo-Editor--13-";
				PRODUCT_NAME = "$(TARGET_NAME)";
				SWIFT_VERSION = 5.0;
				TARGETED_DEVICE_FAMILY = "1,2";
			};
			name = Release;
		};
/* End XCBuildConfiguration section */

/* Begin XCConfigurationList section */
		2D62EF6226F4CCF60078695E /* Build configuration list for PBXProject "Photo Editor (13)" */ = {
			isa = XCConfigurationList;
			buildConfigurations = (
				2D62EF7926F4CCF80078695E /* Debug */,
				2D62EF7A26F4CCF80078695E /* Release */,
			);
			defaultConfigurationIsVisible = 0;
			defaultConfigurationName = Release;
		};
		2D62EF7B26F4CCF80078695E /* Build configuration list for PBXNativeTarget "Photo Editor (13)" */ = {
			isa = XCConfigurationList;
			buildConfigurations = (
				2D62EF7C26F4CCF80078695E /* Debug */,
				2D62EF7D26F4CCF80078695E /* Release */,
			);
			defaultConfigurationIsVisible = 0;
			defaultConfigurationName = Release;
		};
/* End XCConfigurationList section */
	};
	rootObject = 2D62EF5F26F4CCF60078695E /* Project object */;
}
